github.com/eatmoreapple/openwechat v1.3.8 h1:dGQy/UeuSb7eVaCgJMoxM0fBG5DhboKfYk3g+FLZOWE=
github.com/eatmoreapple/openwechat v1.3.8/go.mod h1:61HOzTyvLobGdgWhL68jfGNwTJEv0mhQ1miCXQrvWU8=
github.com/go-telegram-bot-api/telegram-bot-api/v5 v5.5.1 h1:wG8n/XJQ07TmjbITcGiUaOtXxdrINDz1b0J1w0SzqDc=
github.com/go-telegram-bot-api/telegram-bot-api/v5 v5.5.1/go.mod h1:A2S0CWkNylc2phvKXWBBdD3K0iGnDBGbzRpISP2zBl8=
